
Microsoft Visual Studio Solution File, Format Version 12.00
# Visual Studio Version 17
VisualStudioVersion = 17.13.35913.81 d17.13
MinimumVisualStudioVersion = 10.0.40219.1
Project("{FAE04EC0-301F-11D3-BF4B-00C04F79EFBC}") = "Shared.Events", "Shared.Events\Shared.Events.csproj", "{267DC1C6-9758-405E-89B2-770AD873A7B6}"
EndProject
Project("{FAE04EC0-301F-11D3-BF4B-00C04F79EFBC}") = "DeliveryValidationService.Api", "DeliveryValidationService.Api\DeliveryValidationService.Api.csproj", "{1A4B14C9-E03F-4549-AE4F-BA6EE464BED4}"
EndProject
Global
	GlobalSection(SolutionConfigurationPlatforms) = preSolution
		Debug|Any CPU = Debug|Any CPU
		Release|Any CPU = Release|Any CPU
	EndGlobalSection
	GlobalSection(ProjectConfigurationPlatforms) = postSolution
		{267DC1C6-9758-405E-89B2-770AD873A7B6}.Debug|Any CPU.ActiveCfg = Debug|Any CPU
		{267DC1C6-9758-405E-89B2-770AD873A7B6}.Debug|Any CPU.Build.0 = Debug|Any CPU
		{267DC1C6-9758-405E-89B2-770AD873A7B6}.Release|Any CPU.ActiveCfg = Release|Any CPU
		{267DC1C6-9758-405E-89B2-770AD873A7B6}.Release|Any CPU.Build.0 = Release|Any CPU
		{1A4B14C9-E03F-4549-AE4F-BA6EE464BED4}.Debug|Any CPU.ActiveCfg = Debug|Any CPU
		{1A4B14C9-E03F-4549-AE4F-BA6EE464BED4}.Debug|Any CPU.Build.0 = Debug|Any CPU
		{1A4B14C9-E03F-4549-AE4F-BA6EE464BED4}.Release|Any CPU.ActiveCfg = Release|Any CPU
		{1A4B14C9-E03F-4549-AE4F-BA6EE464BED4}.Release|Any CPU.Build.0 = Release|Any CPU
	EndGlobalSection
	GlobalSection(SolutionProperties) = preSolution
		HideSolutionNode = FALSE
	EndGlobalSection
	GlobalSection(ExtensibilityGlobals) = postSolution
		SolutionGuid = {D207C1BF-586C-4CAA-A2D3-3276AF480B3B}
	EndGlobalSection
EndGlobal
